# THIS IS AN AUTOGENERATED FILE. DO NOT EDIT THIS FILE DIRECTLY.
# yarn lockfile v1


mlly@^0.3.19:
  version "0.3.19"
  resolved "https://registry.yarnpkg.com/mlly/-/mlly-0.3.19.tgz#a4aac171d2142eafc9c9d4c1937dac5a11f70565"
  integrity sha512-zMq5n3cOf4fOzA4WoeulxagbAgMChdev3MgP6K51k7M0u2whTXxupfIY4VVzws4vxkiWhwH1rVQcsw7zDGfRhA==
